
Microsoft Visual Studio Solution File, Format Version 12.00
# Visual Studio 14
VisualStudioVersion = 14.0.25420.1
MinimumVisualStudioVersion = 10.0.40219.1
Project("{FAE04EC0-301F-11D3-BF4B-00C04F79EFBC}") = "RestaurantReviewWeb", "RestaurantReviewWeb\RestaurantReviewWeb.csproj", "{459D4369-2213-44E5-AD4A-120C9F879F6E}"
EndProject
Project("{FAE04EC0-301F-11D3-BF4B-00C04F79EFBC}") = "RestaurantReviewBL", "RestaurantReviewBL\RestaurantReviewBL.csproj", "{FEB77FC2-F48B-48A9-B7D2-0118B0F7CC4E}"
EndProject
Project("{FAE04EC0-301F-11D3-BF4B-00C04F79EFBC}") = "RestaurantReviewDAL", "RestaurantReviewDAL\RestaurantReviewDAL.csproj", "{2EB3F6C1-FDF9-4BDA-8F74-219B8552568D}"
EndProject
Project("{FAE04EC0-301F-11D3-BF4B-00C04F79EFBC}") = "RestaurantReviewCommon", "RestaurantReviewCommon\RestaurantReviewCommon.csproj", "{FBCF6D12-99C8-44CA-BBA6-F3D13E564EDB}"
EndProject
Project("{FAE04EC0-301F-11D3-BF4B-00C04F79EFBC}") = "RestaurantReviewEntity", "RestaurantReviewEntity\RestaurantReviewEntity.csproj", "{AFFA86F1-DF17-4697-A900-3C6EA25C323A}"
EndProject
Global
	GlobalSection(SolutionConfigurationPlatforms) = preSolution
		Debug|Any CPU = Debug|Any CPU
		Release|Any CPU = Release|Any CPU
	EndGlobalSection
	GlobalSection(ProjectConfigurationPlatforms) = postSolution
		{459D4369-2213-44E5-AD4A-120C9F879F6E}.Debug|Any CPU.ActiveCfg = Debug|Any CPU
		{459D4369-2213-44E5-AD4A-120C9F879F6E}.Debug|Any CPU.Build.0 = Debug|Any CPU
		{459D4369-2213-44E5-AD4A-120C9F879F6E}.Release|Any CPU.ActiveCfg = Release|Any CPU
		{459D4369-2213-44E5-AD4A-120C9F879F6E}.Release|Any CPU.Build.0 = Release|Any CPU
		{FEB77FC2-F48B-48A9-B7D2-0118B0F7CC4E}.Debug|Any CPU.ActiveCfg = Debug|Any CPU
		{FEB77FC2-F48B-48A9-B7D2-0118B0F7CC4E}.Debug|Any CPU.Build.0 = Debug|Any CPU
		{FEB77FC2-F48B-48A9-B7D2-0118B0F7CC4E}.Release|Any CPU.ActiveCfg = Release|Any CPU
		{FEB77FC2-F48B-48A9-B7D2-0118B0F7CC4E}.Release|Any CPU.Build.0 = Release|Any CPU
		{2EB3F6C1-FDF9-4BDA-8F74-219B8552568D}.Debug|Any CPU.ActiveCfg = Debug|Any CPU
		{2EB3F6C1-FDF9-4BDA-8F74-219B8552568D}.Debug|Any CPU.Build.0 = Debug|Any CPU
		{2EB3F6C1-FDF9-4BDA-8F74-219B8552568D}.Release|Any CPU.ActiveCfg = Release|Any CPU
		{2EB3F6C1-FDF9-4BDA-8F74-219B8552568D}.Release|Any CPU.Build.0 = Release|Any CPU
		{FBCF6D12-99C8-44CA-BBA6-F3D13E564EDB}.Debug|Any CPU.ActiveCfg = Debug|Any CPU
		{FBCF6D12-99C8-44CA-BBA6-F3D13E564EDB}.Debug|Any CPU.Build.0 = Debug|Any CPU
		{FBCF6D12-99C8-44CA-BBA6-F3D13E564EDB}.Release|Any CPU.ActiveCfg = Release|Any CPU
		{FBCF6D12-99C8-44CA-BBA6-F3D13E564EDB}.Release|Any CPU.Build.0 = Release|Any CPU
		{AFFA86F1-DF17-4697-A900-3C6EA25C323A}.Debug|Any CPU.ActiveCfg = Debug|Any CPU
		{AFFA86F1-DF17-4697-A900-3C6EA25C323A}.Debug|Any CPU.Build.0 = Debug|Any CPU
		{AFFA86F1-DF17-4697-A900-3C6EA25C323A}.Release|Any CPU.ActiveCfg = Release|Any CPU
		{AFFA86F1-DF17-4697-A900-3C6EA25C323A}.Release|Any CPU.Build.0 = Release|Any CPU
	EndGlobalSection
	GlobalSection(SolutionProperties) = preSolution
		HideSolutionNode = FALSE
	EndGlobalSection
EndGlobal
